
Microsoft Visual Studio Solution File, Format Version 12.00
# Visual Studio Version 17
VisualStudioVersion = 17.10.35004.147
MinimumVisualStudioVersion = 10.0.40219.1
Project("{FAE04EC0-301F-11D3-BF4B-00C04F79EFBC}") = "MemoryPath", "MemoryPath\MemoryPath.csproj", "{E17D861D-B4BE-4907-8538-784FE06E30CF}"
EndProject
Global
	GlobalSection(SolutionConfigurationPlatforms) = preSolution
		Debug|Any CPU = Debug|Any CPU
		Release|Any CPU = Release|Any CPU
	EndGlobalSection
	GlobalSection(ProjectConfigurationPlatforms) = postSolution
		{E17D861D-B4BE-4907-8538-784FE06E30CF}.Debug|Any CPU.ActiveCfg = Debug|Any CPU
		{E17D861D-B4BE-4907-8538-784FE06E30CF}.Debug|Any CPU.Build.0 = Debug|Any CPU
		{E17D861D-B4BE-4907-8538-784FE06E30CF}.Release|Any CPU.ActiveCfg = Release|Any CPU
		{E17D861D-B4BE-4907-8538-784FE06E30CF}.Release|Any CPU.Build.0 = Release|Any CPU
	EndGlobalSection
	GlobalSection(SolutionProperties) = preSolution
		HideSolutionNode = FALSE
	EndGlobalSection
	GlobalSection(ExtensibilityGlobals) = postSolution
		SolutionGuid = {C37C418A-6DFB-42E3-ABDB-E23FB40C2F72}
	EndGlobalSection
EndGlobal
